
Microsoft Visual Studio Solution File, Format Version 12.00
# Visual Studio Version 17
VisualStudioVersion = 17.6.33829.357
MinimumVisualStudioVersion = 10.0.40219.1
Project("{9A19103F-16F7-4668-BE54-9A1E7A4F7556}") = "ConsoleTest", "ConsoleTest\ConsoleTest.csproj", "{40CE3463-A1B9-4403-9BAF-3C1531AC04A3}"
EndProject
Project("{FAE04EC0-301F-11D3-BF4B-00C04F79EFBC}") = "WebTest", "WebTest\WebTest.csproj", "{A633859D-67D4-40E1-9587-20A9340A2EDA}"
EndProject
Global
	GlobalSection(SolutionConfigurationPlatforms) = preSolution
		Debug|Any CPU = Debug|Any CPU
		Release|Any CPU = Release|Any CPU
	EndGlobalSection
	GlobalSection(ProjectConfigurationPlatforms) = postSolution
		{40CE3463-A1B9-4403-9BAF-3C1531AC04A3}.Debug|Any CPU.ActiveCfg = Debug|Any CPU
		{40CE3463-A1B9-4403-9BAF-3C1531AC04A3}.Debug|Any CPU.Build.0 = Debug|Any CPU
		{40CE3463-A1B9-4403-9BAF-3C1531AC04A3}.Release|Any CPU.ActiveCfg = Release|Any CPU
		{40CE3463-A1B9-4403-9BAF-3C1531AC04A3}.Release|Any CPU.Build.0 = Release|Any CPU
		{A633859D-67D4-40E1-9587-20A9340A2EDA}.Debug|Any CPU.ActiveCfg = Debug|Any CPU
		{A633859D-67D4-40E1-9587-20A9340A2EDA}.Debug|Any CPU.Build.0 = Debug|Any CPU
		{A633859D-67D4-40E1-9587-20A9340A2EDA}.Release|Any CPU.ActiveCfg = Release|Any CPU
		{A633859D-67D4-40E1-9587-20A9340A2EDA}.Release|Any CPU.Build.0 = Release|Any CPU
	EndGlobalSection
	GlobalSection(SolutionProperties) = preSolution
		HideSolutionNode = FALSE
	EndGlobalSection
	GlobalSection(ExtensibilityGlobals) = postSolution
		SolutionGuid = {5F3754C0-811E-4480-A0C0-03EA6445275F}
	EndGlobalSection
EndGlobal
